
Microsoft Visual Studio Solution File, Format Version 12.00
# Visual Studio Version 17
VisualStudioVersion = 17.7.34031.279
MinimumVisualStudioVersion = 10.0.40219.1
Project("{FAE04EC0-301F-11D3-BF4B-00C04F79EFBC}") = "DAL", "DAL\DAL.csproj", "{8E2ED2C0-F887-4B4A-9DB0-F84DA27398D6}"
EndProject
Project("{FAE04EC0-301F-11D3-BF4B-00C04F79EFBC}") = "WebAPI", "WebAPI\WebAPI.csproj", "{9ECDD238-D3C5-4719-986E-FEB6CABA0ABE}"
EndProject
Global
	GlobalSection(SolutionConfigurationPlatforms) = preSolution
		Debug|Any CPU = Debug|Any CPU
		Release|Any CPU = Release|Any CPU
	EndGlobalSection
	GlobalSection(ProjectConfigurationPlatforms) = postSolution
		{8E2ED2C0-F887-4B4A-9DB0-F84DA27398D6}.Debug|Any CPU.ActiveCfg = Debug|Any CPU
		{8E2ED2C0-F887-4B4A-9DB0-F84DA27398D6}.Debug|Any CPU.Build.0 = Debug|Any CPU
		{8E2ED2C0-F887-4B4A-9DB0-F84DA27398D6}.Release|Any CPU.ActiveCfg = Release|Any CPU
		{8E2ED2C0-F887-4B4A-9DB0-F84DA27398D6}.Release|Any CPU.Build.0 = Release|Any CPU
		{9ECDD238-D3C5-4719-986E-FEB6CABA0ABE}.Debug|Any CPU.ActiveCfg = Debug|Any CPU
		{9ECDD238-D3C5-4719-986E-FEB6CABA0ABE}.Debug|Any CPU.Build.0 = Debug|Any CPU
		{9ECDD238-D3C5-4719-986E-FEB6CABA0ABE}.Release|Any CPU.ActiveCfg = Release|Any CPU
		{9ECDD238-D3C5-4719-986E-FEB6CABA0ABE}.Release|Any CPU.Build.0 = Release|Any CPU
	EndGlobalSection
	GlobalSection(SolutionProperties) = preSolution
		HideSolutionNode = FALSE
	EndGlobalSection
	GlobalSection(ExtensibilityGlobals) = postSolution
		SolutionGuid = {9A8899E9-E41C-4B93-92ED-C987E105C8D5}
	EndGlobalSection
EndGlobal
